# THIS IS AN AUTOGENERATED FILE. DO NOT EDIT THIS FILE DIRECTLY.
# yarn lockfile v1


"@adraffy/ens-normalize@1.9.0":
  "integrity" "sha512-iowxq3U30sghZotgl4s/oJRci6WPBfNO5YYgk2cIOMCHr3LeGPcsZjCEr+33Q4N+oV3OABDAtA+pyvWjbvBifQ=="
  "resolved" "https://registry.npmjs.org/@adraffy/ens-normalize/-/ens-normalize-1.9.0.tgz"
  "version" "1.9.0"

"@noble/hashes@1.1.2":
  "integrity" "sha512-KYRCASVTv6aeUi1tsF8/vpyR7zpfs3FUzy2Jqm+MU+LmUKhQ0y2FpfwqkCcxSg2ua4GALJd8k2R76WxwZGbQpA=="
  "resolved" "https://registry.npmjs.org/@noble/hashes/-/hashes-1.1.2.tgz"
  "version" "1.1.2"

"@noble/secp256k1@1.7.1":
  "integrity" "sha512-hOUk6AyBFmqVrv7k5WAw/LpszxVbj9gGN4JRkIX52fdFAj1UA61KXmZDvqVEm+pOyec3+fIeZB02LYa/pWOArw=="
  "resolved" "https://registry.npmjs.org/@noble/secp256k1/-/secp256k1-1.7.1.tgz"
  "version" "1.7.1"

"aes-js@4.0.0-beta.3":
  "integrity" "sha512-/xJX0/VTPcbc5xQE2VUP91y1xN8q/rDfhEzLm+vLc3hYvb5+qHCnpJRuFcrKn63zumK/sCwYYzhG8HP78JYSTA=="
  "resolved" "https://registry.npmjs.org/aes-js/-/aes-js-4.0.0-beta.3.tgz"
  "version" "4.0.0-beta.3"

"ansi-regex@^1.0.0":
  "integrity" "sha512-q5i8bFLg2wDfsuR56c1NzlJFPzVD+9mxhDrhqOGigEFa87OZHlF+9dWeGWzVTP/0ECiA/JUGzfzRr2t3eYORRw=="
  "resolved" "https://registry.npmjs.org/ansi-regex/-/ansi-regex-1.1.1.tgz"
  "version" "1.1.1"

"ansi-styles@~0.2.0":
  "integrity" "sha512-YyQBeLj0juxUC9uUXRpQ1ZAzPT1dnsn5vVeJLHYFq4Ct1p0rymUSyvckKCXCH9I0bh3jWDIETA5nXIaZVKlDyA=="
  "resolved" "https://registry.npmjs.org/ansi-styles/-/ansi-styles-0.2.0.tgz"
  "version" "0.2.0"

"async@~0.2.8":
  "integrity" "sha512-eAkdoKxU6/LkKDBzLpT+t6Ff5EtfSF4wx1WfJiPEEV7WNLnDaRXk0oVysiEPm262roaachGexwUv94WhSgN5TQ=="
  "resolved" "https://registry.npmjs.org/async/-/async-0.2.10.tgz"
  "version" "0.2.10"

"chalk@~0.3.0":
  "integrity" "sha512-OcfgS16PHpCu2Q4TNMtk0aZNx8PyeNiiB+6AgGH91fhT9hJ3v6pIIJ3lxlaOEDHlTm8t3wDe6bDGamvtIokQTg=="
  "resolved" "https://registry.npmjs.org/chalk/-/chalk-0.3.0.tgz"
  "version" "0.3.0"
  dependencies:
    "ansi-styles" "~0.2.0"
    "has-color" "~0.1.0"

"cli-color@~0.2.2":
  "integrity" "sha512-f4DFHXdoe2rGMwuVO+DTBM6CkSt4m9R4a0vjnq5CJkSCKaXbrHbslCmyjG6cz/o50HP2wkjO3G1mXvc7G3V1LQ=="
  "resolved" "https://registry.npmjs.org/cli-color/-/cli-color-0.2.3.tgz"
  "version" "0.2.3"
  dependencies:
    "es5-ext" "~0.9.2"
    "memoizee" "~0.2.5"

"command-exists@^1.2.8":
  "integrity" "sha512-LTQ/SGc+s0Xc0Fu5WaKnR0YiygZkm9eKFvyS+fRsU7/ZWFF8ykFM6Pc9aCVf1+xasOOZpO3BAVgVrKvsqKHV7w=="
  "resolved" "https://registry.npmjs.org/command-exists/-/command-exists-1.2.9.tgz"
  "version" "1.2.9"

"commander@^8.1.0":
  "integrity" "sha512-OkTL9umf+He2DZkUq8f8J9of7yL6RJKI24dVITBmNfZBmri9zYZQrKkuXiKhyfPSu8tUhnVBB1iKXevvnlR4Ww=="
  "resolved" "https://registry.npmjs.org/commander/-/commander-8.3.0.tgz"
  "version" "8.3.0"

"commander@~2.1.0":
  "integrity" "sha512-J2wnb6TKniXNOtoHS8TSrG9IOQluPrsmyAJ8oCUJOBmv+uLBCyPYAZkD2jFvw2DCzIXNnISIM01NIvr35TkBMQ=="
  "resolved" "https://registry.npmjs.org/commander/-/commander-2.1.0.tgz"
  "version" "2.1.0"

"cookiejar@1.3.0":
  "integrity" "sha512-U+NgxxtwHIokuL04FqKEkqsaWBDtnCQo+wvYjUCtBA56Lcg8vpV3SGtBx+RAmw92SV3VT8PwsYcCFK/cC3Dw+A=="
  "resolved" "https://registry.npmjs.org/cookiejar/-/cookiejar-1.3.0.tgz"
  "version" "1.3.0"

"debug@~0.7.2":
  "integrity" "sha512-EohAb3+DSHSGx8carOSKJe8G0ayV5/i609OD0J2orCkuyae7SyZSz2aoLmQF2s0Pj5gITDebwPH7GFBlqOUQ1Q=="
  "resolved" "https://registry.npmjs.org/debug/-/debug-0.7.4.tgz"
  "version" "0.7.4"

"emitter-component@1.0.0":
  "integrity" "sha512-GZrLdp4Z7OERecoYQYElVVqf6/gcbGUs8nvaE+nmu2dGy453lLgGyPLNX9DdSyojdMqI86fCT9XQqsWJymciEw=="
  "resolved" "https://registry.npmjs.org/emitter-component/-/emitter-component-1.0.0.tgz"
  "version" "1.0.0"

"es5-ext@~0.9.2":
  "integrity" "sha512-wP3OSxZ0L/qK76t6qxPR8gWr2o5F4SzNF9qS5F/mOfVY3Ezcg07v6hSkETDmoekXIzn8xhQbHpp+tVlOE+qOAg=="
  "resolved" "https://registry.npmjs.org/es5-ext/-/es5-ext-0.9.2.tgz"
  "version" "0.9.2"

"ether@^0.0.9":
  "integrity" "sha512-KYive1RzWSVsOTnGM0GHCUkeAz/TtNA9XRzd+WS0GndvXlmpKyNQ9n69SF46lJmNeuMtvgcG+LIDXZYhk2/kDQ=="
  "resolved" "https://registry.npmjs.org/ether/-/ether-0.0.9.tgz"
  "version" "0.0.9"
  dependencies:
    "commander" "~2.1.0"
    "inquirer" "~0.4.0"
    "memoizee" "~0.2.6"
    "micro-engine" "0.0.1"
    "sudo-block" "~0.3.0"
    "superagent" "~0.16.0"

"ethers@^6.3.0":
  "integrity" "sha512-CKFYvTne1YT4S1glTiu7TgGsj0t6c6GAD7evrIk8zbeUb6nK8dcUPAiAWM8uDX/1NmRTvLM9+1Vnn49hwKtEzw=="
  "resolved" "https://registry.npmjs.org/ethers/-/ethers-6.3.0.tgz"
  "version" "6.3.0"
  dependencies:
    "@adraffy/ens-normalize" "1.9.0"
    "@noble/hashes" "1.1.2"
    "@noble/secp256k1" "1.7.1"
    "aes-js" "4.0.0-beta.3"
    "tslib" "2.4.0"
    "ws" "8.5.0"

"event-emitter@~0.2.2":
  "integrity" "sha512-kdjfxF6jYJ5m/OEe3ZNNJzbCEcagF4lNJeuhgrBSRnlitpdxICDKzCel+Z5Wbl7K9UhBN/7k2MzXBvCvSwfzzg=="
  "resolved" "https://registry.npmjs.org/event-emitter/-/event-emitter-0.2.2.tgz"
  "version" "0.2.2"
  dependencies:
    "es5-ext" "~0.9.2"

"follow-redirects@^1.12.1":
  "integrity" "sha512-VQLG33o04KaQ8uYi2tVNbdrWp1QWxNNea+nmIB4EVM28v0hmP17z7aG1+wAkNzVq4KeXTq3221ye5qTJP91JwA=="
  "resolved" "https://registry.npmjs.org/follow-redirects/-/follow-redirects-1.15.2.tgz"
  "version" "1.15.2"

"formidable@1.0.14":
  "integrity" "sha512-aOskFHEfYwkSKSzGui5jhQ+uyLo2NTwpzhndggz2YZHlv0HkAi+zG5ZEBCL3GTvqLyr/FzX9Mvx9DueCmu2HzQ=="
  "resolved" "https://registry.npmjs.org/formidable/-/formidable-1.0.14.tgz"
  "version" "1.0.14"

"fs-extra@^11.1.1":
  "integrity" "sha512-MGIE4HOvQCeUCzmlHs0vXpih4ysz4wg9qiSAu6cd42lVwPbTM1TjV7RusoyQqMmk/95gdQZX72u+YW+c3eEpFQ=="
  "resolved" "https://registry.npmjs.org/fs-extra/-/fs-extra-11.1.1.tgz"
  "version" "11.1.1"
  dependencies:
    "graceful-fs" "^4.2.0"
    "jsonfile" "^6.0.1"
    "universalify" "^2.0.0"

"graceful-fs@^4.1.6", "graceful-fs@^4.2.0":
  "integrity" "sha512-RbJ5/jmFcNNCcDV5o9eTnBLJ/HszWV0P73bc+Ff4nS/rJj+YaS6IGyiOL0VoBYX+l1Wrl3k63h/KrH+nhJ0XvQ=="
  "resolved" "https://registry.npmjs.org/graceful-fs/-/graceful-fs-4.2.11.tgz"
  "version" "4.2.11"

"has-color@~0.1.0":
  "integrity" "sha512-kaNz5OTAYYmt646Hkqw50/qyxP2vFnTVu5AQ1Zmk22Kk5+4Qx6BpO8+u7IKsML5fOsFk0ZT0AcCJNYwcvaLBvw=="
  "resolved" "https://registry.npmjs.org/has-color/-/has-color-0.1.7.tgz"
  "version" "0.1.7"

"inquirer@~0.4.0":
  "integrity" "sha512-q+Im4T6ukccagPS1iGpVoVXA3aqYYOQGEDfGPkvGCsKPxy/WDiXX2BCJMxQqyz5AJp/sGYcnaM6YfwP2s3uxbQ=="
  "resolved" "https://registry.npmjs.org/inquirer/-/inquirer-0.4.1.tgz"
  "version" "0.4.1"
  dependencies:
    "async" "~0.2.8"
    "cli-color" "~0.2.2"
    "lodash" "~2.4.1"
    "mute-stream" "0.0.4"
    "readline2" "~0.1.0"
    "through" "~2.3.4"

"js-sha3@0.8.0":
  "integrity" "sha512-gF1cRrHhIzNfToc802P800N8PpXS+evLLXfsVpowqmAFR9uwbi89WvXg2QspOmXL8QL86J4T1EpFu+yUkwJY3Q=="
  "resolved" "https://registry.npmjs.org/js-sha3/-/js-sha3-0.8.0.tgz"
  "version" "0.8.0"

"jsonfile@^6.0.1":
  "integrity" "sha512-5dgndWOriYSm5cnYaJNhalLNDKOqFwyDB/rr1E9ZsGciGvKPs8R2xYGCacuf3z6K1YKDz182fd+fY3cn3pMqXQ=="
  "resolved" "https://registry.npmjs.org/jsonfile/-/jsonfile-6.1.0.tgz"
  "version" "6.1.0"
  dependencies:
    "universalify" "^2.0.0"
  optionalDependencies:
    "graceful-fs" "^4.1.6"

"lodash@~2.4.1":
  "integrity" "sha512-Kak1hi6/hYHGVPmdyiZijoQyz5x2iGVzs6w9GYB/HiXEtylY7tIoYEROMjvM1d9nXJqPOrG2MNPMn01bJ+S0Rw=="
  "resolved" "https://registry.npmjs.org/lodash/-/lodash-2.4.2.tgz"
  "version" "2.4.2"

"memoizee@~0.2.5", "memoizee@~0.2.6":
  "integrity" "sha512-0VZI0btwyGk6FSDnJGuJtso4M/eSxhVb5ID5AZNWMFFgT2LexCV18hHI764V4ELKlyfnQ5KMQ+q5H3uvFN3MLw=="
  "resolved" "https://registry.npmjs.org/memoizee/-/memoizee-0.2.6.tgz"
  "version" "0.2.6"
  dependencies:
    "es5-ext" "~0.9.2"
    "event-emitter" "~0.2.2"
    "next-tick" "0.1.x"

"memorystream@^0.3.1":
  "integrity" "sha512-S3UwM3yj5mtUSEfP41UZmt/0SCoVYUcU1rkXv+BQ5Ig8ndL4sPoJNBUJERafdPb5jjHJGuMgytgKvKIf58XNBw=="
  "resolved" "https://registry.npmjs.org/memorystream/-/memorystream-0.3.1.tgz"
  "version" "0.3.1"

"methods@0.0.1":
  "integrity" "sha512-pB8oFfci/xcfUgM6DTxc7lbTKifPPgs3mZUOsEgaH+1TTWpmcmv3sHl+5sUHIj2X2W8aPYa2+nJealRHK+Lo6A=="
  "resolved" "https://registry.npmjs.org/methods/-/methods-0.0.1.tgz"
  "version" "0.0.1"

"micro-engine@0.0.1":
  "integrity" "sha512-HdhhNwLLq3Kk5pwKo3x8sS8x6MZDnMq48kMkWzK10/hCJLptUWMVGAFqk3q4qFcdCW4A/qFDw6om7Vaw6FdSEQ=="
  "resolved" "https://registry.npmjs.org/micro-engine/-/micro-engine-0.0.1.tgz"
  "version" "0.0.1"
  dependencies:
    "should" "~2.1.1"

"mime@1.2.5":
  "integrity" "sha512-QfwTOA+zRHSZXxl9Y7ue5ifKDhU1prnh0dO67Vgcl7Lcx0+79vL9A1ln0qtVur8CFSdYq5Zhnw9DDZQgwDh8Ng=="
  "resolved" "https://registry.npmjs.org/mime/-/mime-1.2.5.tgz"
  "version" "1.2.5"

"mute-stream@0.0.4":
  "integrity" "sha512-amvrY4m/7oZamehMoFi1tbwU/kXbVvRTGM2S7F+PZi3n51Jx+9AcSQ3EQsag3tR+hS2higfgOP/Kl8kri/X52A=="
  "resolved" "https://registry.npmjs.org/mute-stream/-/mute-stream-0.0.4.tgz"
  "version" "0.0.4"

"next-tick@0.1.x":
  "integrity" "sha512-I44QWeGCHJTx2D3buhnljvSjmPgJua3zdPGtlCQEvA45t9kS/CaHnlVqidTzHwq8LGXhD2SMezjk4hQgP+32Lg=="
  "resolved" "https://registry.npmjs.org/next-tick/-/next-tick-0.1.0.tgz"
  "version" "0.1.0"

"os-tmpdir@~1.0.2":
  "integrity" "sha512-D2FR03Vir7FIu45XBY20mTb+/ZSWB00sjU9jdQXt83gDrI4Ztz5Fs7/yy74g2N5SVQY4xY1qDr4rNddwYRVX0g=="
  "resolved" "https://registry.npmjs.org/os-tmpdir/-/os-tmpdir-1.0.2.tgz"
  "version" "1.0.2"

"qs@0.6.5":
  "integrity" "sha512-n7wA/f30O3SsOw2BVkGUDzjWMw7kXvQJWKtDdgfq5HJvDoad+Jbc6osN1AQ0Iain5plo9e7Cs5fE+xR+DVkPTw=="
  "resolved" "https://registry.npmjs.org/qs/-/qs-0.6.5.tgz"
  "version" "0.6.5"

"readline2@~0.1.0":
  "integrity" "sha512-qs8GGG+hLGMaDOGjd+mDglDoYcHDkjIY7z5RU0/ApsGT0qypyrWskNeemUqD+UxIXiZoMYT5aLwGp4ehoyZhIg=="
  "resolved" "https://registry.npmjs.org/readline2/-/readline2-0.1.1.tgz"
  "version" "0.1.1"
  dependencies:
    "mute-stream" "0.0.4"
    "strip-ansi" "^2.0.1"

"reduce-component@1.0.1":
  "integrity" "sha512-y0wyCcdQul3hI3xHfIs0vg/jSbboQc/YTOAqaxjFG7At+XSexduuOqBVL9SmOLSwa/ldkbzVzdwuk9s2EKTAZg=="
  "resolved" "https://registry.npmjs.org/reduce-component/-/reduce-component-1.0.1.tgz"
  "version" "1.0.1"

"semver@^5.5.0":
  "integrity" "sha512-sauaDf/PZdVgrLTNYHRtpXa1iRiKcaebiKQ1BJdpQlWH2lCvexQdX55snPFyK7QzpudqbCI0qXFfOasHdyNDGQ=="
  "resolved" "https://registry.npmjs.org/semver/-/semver-5.7.1.tgz"
  "version" "5.7.1"

"should@~2.1.1":
  "integrity" "sha512-w9EBOxgQMNmWxqPgjaCOz21FcuYepdNjTGxw0EyIvibY1CdB4UqHjBqEvN5xj5B+tzwrndTaNFwp79yX2E1cFw=="
  "resolved" "https://registry.npmjs.org/should/-/should-2.1.1.tgz"
  "version" "2.1.1"

"solc@^0.8.7-fixed":
  "integrity" "sha512-yqurS3wzC4LdEvmMobODXqprV4MYJcVtinuxgrp61ac8K2zz40vXA0eSAskSHPgv8dQo7Nux39i3QBsHx4pqyA=="
  "resolved" "https://registry.npmjs.org/solc/-/solc-0.8.19.tgz"
  "version" "0.8.19"
  dependencies:
    "command-exists" "^1.2.8"
    "commander" "^8.1.0"
    "follow-redirects" "^1.12.1"
    "js-sha3" "0.8.0"
    "memorystream" "^0.3.1"
    "semver" "^5.5.0"
    "tmp" "0.0.33"

"strip-ansi@^2.0.1":
  "integrity" "sha512-2h8q2CP3EeOhDJ+jd932PRMpa3/pOJFGoF22J1U/DNbEK2gSW2DqeF46VjCXsSQXhC+k/l8/gaaRBQKL6hUPfQ=="
  "resolved" "https://registry.npmjs.org/strip-ansi/-/strip-ansi-2.0.1.tgz"
  "version" "2.0.1"
  dependencies:
    "ansi-regex" "^1.0.0"

"sudo-block@~0.3.0":
  "integrity" "sha512-Jv0WZsbu61SeFqeIVF6hSLnXELZafaxWLESVKt1XUW4UPMVccmE3n2ojL39OkbgjRnaYe7qHP7APJobeDxvMDw=="
  "resolved" "https://registry.npmjs.org/sudo-block/-/sudo-block-0.3.0.tgz"
  "version" "0.3.0"
  dependencies:
    "chalk" "~0.3.0"

"superagent@~0.16.0":
  "integrity" "sha512-/CJzCPSwbwEK1DJOllhcUHy7/4yuKiWOI5gvvyS38Dz8ZortROdYSrxJSB0f+1kPsOLentwnB61obWpRsro5+A=="
  "resolved" "https://registry.npmjs.org/superagent/-/superagent-0.16.0.tgz"
  "version" "0.16.0"
  dependencies:
    "cookiejar" "1.3.0"
    "debug" "~0.7.2"
    "emitter-component" "1.0.0"
    "formidable" "1.0.14"
    "methods" "0.0.1"
    "mime" "1.2.5"
    "qs" "0.6.5"
    "reduce-component" "1.0.1"

"through@~2.3.4":
  "integrity" "sha512-w89qg7PI8wAdvX60bMDP+bFoD5Dvhm9oLheFp5O4a2QF0cSBGsBX4qZmadPMvVqlLJBBci+WqGGOAPvcDeNSVg=="
  "resolved" "https://registry.npmjs.org/through/-/through-2.3.8.tgz"
  "version" "2.3.8"

"tmp@0.0.33":
  "integrity" "sha512-jRCJlojKnZ3addtTOjdIqoRuPEKBvNXcGYqzO6zWZX8KfKEpnGY5jfggJQ3EjKuu8D4bJRr0y+cYJFmYbImXGw=="
  "resolved" "https://registry.npmjs.org/tmp/-/tmp-0.0.33.tgz"
  "version" "0.0.33"
  dependencies:
    "os-tmpdir" "~1.0.2"

"tslib@2.4.0":
  "integrity" "sha512-d6xOpEDfsi2CZVlPQzGeux8XMwLT9hssAsaPYExaQMuYskwb+x1x7J371tWlbBdWHroy99KnVB6qIkUbs5X3UQ=="
  "resolved" "https://registry.npmjs.org/tslib/-/tslib-2.4.0.tgz"
  "version" "2.4.0"

"universalify@^2.0.0":
  "integrity" "sha512-hAZsKq7Yy11Zu1DE0OzWjw7nnLZmJZYTDZZyEFHZdUhV8FkH5MCfoU1XMaxXovpyW5nq5scPqq0ZDP9Zyl04oQ=="
  "resolved" "https://registry.npmjs.org/universalify/-/universalify-2.0.0.tgz"
  "version" "2.0.0"

"ws@8.5.0":
  "integrity" "sha512-BWX0SWVgLPzYwF8lTzEy1egjhS4S4OEAHfsO8o65WOVsrnSRGaSiUaa9e0ggGlkMTtBlmOpEXiie9RUcBO86qg=="
  "resolved" "https://registry.npmjs.org/ws/-/ws-8.5.0.tgz"
  "version" "8.5.0"
